// !$*UTF8*$!
{
	archiveVersion = 1;
	classes = {
	};
	objectVersion = 46;
	objects = {

/* Begin PBXBuildFile section */
		4603C9D01A9EFADA002FCF36 /* Extention.swift in Sources */ = {isa = PBXBuildFile; fileRef = 4603C9CF1A9EFADA002FCF36 /* Extention.swift */; };
		4620F4451A9B2B30003ABAB3 /* AppDelegate.swift in Sources */ = {isa = PBXBuildFile; fileRef = 4620F4441A9B2B30003ABAB3 /* AppDelegate.swift */; };
		4620F4471A9B2B30003ABAB3 /* ViewController.swift in Sources */ = {isa = PBXBuildFile; fileRef = 4620F4461A9B2B30003ABAB3 /* ViewController.swift */; };
		4620F44A1A9B2B30003ABAB3 /* Main.storyboard in Resources */ = {isa = PBXBuildFile; fileRef = 4620F4481A9B2B30003ABAB3 /* Main.storyboard */; };
		4620F44C1A9B2B30003ABAB3 /* Images.xcassets in Resources */ = {isa = PBXBuildFile; fileRef = 4620F44B1A9B2B30003ABAB3 /* Images.xcassets */; };
		4620F44F1A9B2B30003ABAB3 /* LaunchScreen.xib in Resources */ = {isa = PBXBuildFile; fileRef = 4620F44D1A9B2B30003ABAB3 /* LaunchScreen.xib */; };
		4620F45B1A9B2B30003ABAB3 /* himedore_betaTests.swift in Sources */ = {isa = PBXBuildFile; fileRef = 4620F45A1A9B2B30003ABAB3 /* himedore_betaTests.swift */; };
		463C4E5C1AAC607E00E6A990 /* HaiyakuViewController.swift in Sources */ = {isa = PBXBuildFile; fileRef = 463C4E5B1AAC607E00E6A990 /* HaiyakuViewController.swift */; };
		466849231A9B2FC000CFC43E /* SettingViewController.swift in Sources */ = {isa = PBXBuildFile; fileRef = 466849221A9B2FC000CFC43E /* SettingViewController.swift */; };
		466849251A9B307E00CFC43E /* CharaViewController.swift in Sources */ = {isa = PBXBuildFile; fileRef = 466849241A9B307E00CFC43E /* CharaViewController.swift */; };
		466849271A9B308800CFC43E /* TimerViewController.swift in Sources */ = {isa = PBXBuildFile; fileRef = 466849261A9B308800CFC43E /* TimerViewController.swift */; };
		466849291A9B309200CFC43E /* HintViewController.swift in Sources */ = {isa = PBXBuildFile; fileRef = 466849281A9B309200CFC43E /* HintViewController.swift */; };
		4668492B1A9B30A300CFC43E /* HanteiViewController.swift in Sources */ = {isa = PBXBuildFile; fileRef = 4668492A1A9B30A300CFC43E /* HanteiViewController.swift */; };
		46AE057B1AD903D00083658E /* TextViewController.swift in Sources */ = {isa = PBXBuildFile; fileRef = 46AE057A1AD903D00083658E /* TextViewController.swift */; };
		46AE05A51AD9E1730083658E /* LiquidCall_design-03.png in Resources */ = {isa = PBXBuildFile; fileRef = 46AE05A41AD9E1730083658E /* LiquidCall_design-03.png */; };
/* End PBXBuildFile section */

/* Begin PBXContainerItemProxy section */
		4620F4551A9B2B30003ABAB3 /* PBXContainerItemProxy */ = {
			isa = PBXContainerItemProxy;
			containerPortal = 4620F4371A9B2B2F003ABAB3 /* Project object */;
			proxyType = 1;
			remoteGlobalIDString = 4620F43E1A9B2B30003ABAB3;
			remoteInfo = himedore_beta;
		};
/* End PBXContainerItemProxy section */

/* Begin PBXFileReference section */
		4603C9CF1A9EFADA002FCF36 /* Extention.swift */ = {isa = PBXFileReference; fileEncoding = 4; lastKnownFileType = sourcecode.swift; path = Extention.swift; sourceTree = "<group>"; };
		4620F43F1A9B2B30003ABAB3 /* himedore_beta.app */ = {isa = PBXFileReference; explicitFileType = wrapper.application; includeInIndex = 0; path = himedore_beta.app; sourceTree = BUILT_PRODUCTS_DIR; };
		4620F4431A9B2B30003ABAB3 /* Info.plist */ = {isa = PBXFileReference; lastKnownFileType = text.plist.xml; path = Info.plist; sourceTree = "<group>"; };
		4620F4441A9B2B30003ABAB3 /* AppDelegate.swift */ = {isa = PBXFileReference; lastKnownFileType = sourcecode.swift; path = AppDelegate.swift; sourceTree = "<group>"; };
		4620F4461A9B2B30003ABAB3 /* ViewController.swift */ = {isa = PBXFileReference; lastKnownFileType = sourcecode.swift; path = ViewController.swift; sourceTree = "<group>"; };
		4620F4491A9B2B30003ABAB3 /* Base */ = {isa = PBXFileReference; lastKnownFileType = file.storyboard; name = Base; path = Base.lproj/Main.storyboard; sourceTree = "<group>"; };
		4620F44B1A9B2B30003ABAB3 /* Images.xcassets */ = {isa = PBXFileReference; lastKnownFileType = folder.assetcatalog; path = Images.xcassets; sourceTree = "<group>"; };
		4620F44E1A9B2B30003ABAB3 /* Base */ = {isa = PBXFileReference; lastKnownFileType = file.xib; name = Base; path = Base.lproj/LaunchScreen.xib; sourceTree = "<group>"; };
		4620F4541A9B2B30003ABAB3 /* himedore_betaTests.xctest */ = {isa = PBXFileReference; explicitFileType = wrapper.cfbundle; includeInIndex = 0; path = himedore_betaTests.xctest; sourceTree = BUILT_PRODUCTS_DIR; };
		4620F4591A9B2B30003ABAB3 /* Info.plist */ = {isa = PBXFileReference; lastKnownFileType = text.plist.xml; path = Info.plist; sourceTree = "<group>"; };
		4620F45A1A9B2B30003ABAB3 /* himedore_betaTests.swift */ = {isa = PBXFileReference; lastKnownFileType = sourcecode.swift; path = himedore_betaTests.swift; sourceTree = "<group>"; };
		463C4E5B1AAC607E00E6A990 /* HaiyakuViewController.swift */ = {isa = PBXFileReference; fileEncoding = 4; lastKnownFileType = sourcecode.swift; path = HaiyakuViewController.swift; sourceTree = "<group>"; };
		466849221A9B2FC000CFC43E /* SettingViewController.swift */ = {isa = PBXFileReference; fileEncoding = 4; lastKnownFileType = sourcecode.swift; path = SettingViewController.swift; sourceTree = "<group>"; };
		466849241A9B307E00CFC43E /* CharaViewController.swift */ = {isa = PBXFileReference; fileEncoding = 4; lastKnownFileType = sourcecode.swift; path = CharaViewController.swift; sourceTree = "<group>"; };
		466849261A9B308800CFC43E /* TimerViewController.swift */ = {isa = PBXFileReference; fileEncoding = 4; lastKnownFileType = sourcecode.swift; path = TimerViewController.swift; sourceTree = "<group>"; };
		466849281A9B309200CFC43E /* HintViewController.swift */ = {isa = PBXFileReference; fileEncoding = 4; lastKnownFileType = sourcecode.swift; path = HintViewController.swift; sourceTree = "<group>"; };
		4668492A1A9B30A300CFC43E /* HanteiViewController.swift */ = {isa = PBXFileReference; fileEncoding = 4; lastKnownFileType = sourcecode.swift; path = HanteiViewController.swift; sourceTree = "<group>"; };
		46AE057A1AD903D00083658E /* TextViewController.swift */ = {isa = PBXFileReference; fileEncoding = 4; lastKnownFileType = sourcecode.swift; name = TextViewController.swift; path = ../TextViewController.swift; sourceTree = "<group>"; };
		46AE05A41AD9E1730083658E /* LiquidCall_design-03.png */ = {isa = PBXFileReference; lastKnownFileType = image.png; path = "LiquidCall_design-03.png"; sourceTree = "<group>"; };
/* End PBXFileReference section */

/* Begin PBXFrameworksBuildPhase section */
		4620F43C1A9B2B30003ABAB3 /* Frameworks */ = {
			isa = PBXFrameworksBuildPhase;
			buildActionMask = 2147483647;
			files = (
			);
			runOnlyForDeploymentPostprocessing = 0;
		};
		4620F4511A9B2B30003ABAB3 /* Frameworks */ = {
			isa = PBXFrameworksBuildPhase;
			buildActionMask = 2147483647;
			files = (
			);
			runOnlyForDeploymentPostprocessing = 0;
		};
/* End PBXFrameworksBuildPhase section */

/* Begin PBXGroup section */
		4620F4361A9B2B2F003ABAB3 = {
			isa = PBXGroup;
			children = (
				4620F4411A9B2B30003ABAB3 /* himedore_beta */,
				4620F4571A9B2B30003ABAB3 /* himedore_betaTests */,
				4620F4401A9B2B30003ABAB3 /* Products */,
			);
			sourceTree = "<group>";
		};
		4620F4401A9B2B30003ABAB3 /* Products */ = {
			isa = PBXGroup;
			children = (
				4620F43F1A9B2B30003ABAB3 /* himedore_beta.app */,
				4620F4541A9B2B30003ABAB3 /* himedore_betaTests.xctest */,
			);
			name = Products;
			sourceTree = "<group>";
		};
		4620F4411A9B2B30003ABAB3 /* himedore_beta */ = {
			isa = PBXGroup;
			children = (
				46AE05A41AD9E1730083658E /* LiquidCall_design-03.png */,
				4620F4441A9B2B30003ABAB3 /* AppDelegate.swift */,
				4620F4461A9B2B30003ABAB3 /* ViewController.swift */,
				466849221A9B2FC000CFC43E /* SettingViewController.swift */,
				466849241A9B307E00CFC43E /* CharaViewController.swift */,
				463C4E5B1AAC607E00E6A990 /* HaiyakuViewController.swift */,
				466849261A9B308800CFC43E /* TimerViewController.swift */,
				466849281A9B309200CFC43E /* HintViewController.swift */,
				46AE057A1AD903D00083658E /* TextViewController.swift */,
				4668492A1A9B30A300CFC43E /* HanteiViewController.swift */,
				4603C9CF1A9EFADA002FCF36 /* Extention.swift */,
				4620F4481A9B2B30003ABAB3 /* Main.storyboard */,
				4620F44B1A9B2B30003ABAB3 /* Images.xcassets */,
				4620F44D1A9B2B30003ABAB3 /* LaunchScreen.xib */,
				4620F4421A9B2B30003ABAB3 /* Supporting Files */,
			);
			path = himedore_beta;
			sourceTree = "<group>";
		};
		4620F4421A9B2B30003ABAB3 /* Supporting Files */ = {
			isa = PBXGroup;
			children = (
				4620F4431A9B2B30003ABAB3 /* Info.plist */,
			);
			name = "Supporting Files";
			sourceTree = "<group>";
		};
		4620F4571A9B2B30003ABAB3 /* himedore_betaTests */ = {
			isa = PBXGroup;
			children = (
				4620F45A1A9B2B30003ABAB3 /* himedore_betaTests.swift */,
				4620F4581A9B2B30003ABAB3 /* Supporting Files */,
			);
			path = himedore_betaTests;
			sourceTree = "<group>";
		};
		4620F4581A9B2B30003ABAB3 /* Supporting Files */ = {
			isa = PBXGroup;
			children = (
				4620F4591A9B2B30003ABAB3 /* Info.plist */,
			);
			name = "Supporting Files";
			sourceTree = "<group>";
		};
/* End PBXGroup section */

/* Begin PBXNativeTarget section */
		4620F43E1A9B2B30003ABAB3 /* himedore_beta */ = {
			isa = PBXNativeTarget;
			buildConfigurationList = 4620F45E1A9B2B30003ABAB3 /* Build configuration list for PBXNativeTarget "himedore_beta" */;
			buildPhases = (
				4620F43B1A9B2B30003ABAB3 /* Sources */,
				4620F43C1A9B2B30003ABAB3 /* Frameworks */,
				4620F43D1A9B2B30003ABAB3 /* Resources */,
			);
			buildRules = (
			);
			dependencies = (
			);
			name = himedore_beta;
			productName = himedore_beta;
			productReference = 4620F43F1A9B2B30003ABAB3 /* himedore_beta.app */;
			productType = "com.apple.product-type.application";
		};
		4620F4531A9B2B30003ABAB3 /* himedore_betaTests */ = {
			isa = PBXNativeTarget;
			buildConfigurationList = 4620F4611A9B2B30003ABAB3 /* Build configuration list for PBXNativeTarget "himedore_betaTests" */;
			buildPhases = (
				4620F4501A9B2B30003ABAB3 /* Sources */,
				4620F4511A9B2B30003ABAB3 /* Frameworks */,
				4620F4521A9B2B30003ABAB3 /* Resources */,
			);
			buildRules = (
			);
			dependencies = (
				4620F4561A9B2B30003ABAB3 /* PBXTargetDependency */,
			);
			name = himedore_betaTests;
			productName = himedore_betaTests;
			productReference = 4620F4541A9B2B30003ABAB3 /* himedore_betaTests.xctest */;
			productType = "com.apple.product-type.bundle.unit-test";
		};
/* End PBXNativeTarget section */

/* Begin PBXProject section */
		4620F4371A9B2B2F003ABAB3 /* Project object */ = {
			isa = PBXProject;
			attributes = {
				LastSwiftMigration = 0720;
				LastSwiftUpdateCheck = 0720;
				LastUpgradeCheck = 0610;
				ORGANIZATIONNAME = watakemi725;
				TargetAttributes = {
					4620F43E1A9B2B30003ABAB3 = {
						CreatedOnToolsVersion = 6.1.1;
					};
					4620F4531A9B2B30003ABAB3 = {
						CreatedOnToolsVersion = 6.1.1;
						TestTargetID = 4620F43E1A9B2B30003ABAB3;
					};
				};
			};
			buildConfigurationList = 4620F43A1A9B2B2F003ABAB3 /* Build configuration list for PBXProject "himedore_beta" */;
			compatibilityVersion = "Xcode 3.2";
			developmentRegion = English;
			hasScannedForEncodings = 0;
			knownRegions = (
				en,
				Base,
			);
			mainGroup = 4620F4361A9B2B2F003ABAB3;
			productRefGroup = 4620F4401A9B2B30003ABAB3 /* Products */;
			projectDirPath = "";
			projectRoot = "";
			targets = (
				4620F43E1A9B2B30003ABAB3 /* himedore_beta */,
				4620F4531A9B2B30003ABAB3 /* himedore_betaTests */,
			);
		};
/* End PBXProject section */

/* Begin PBXResourcesBuildPhase section */
		4620F43D1A9B2B30003ABAB3 /* Resources */ = {
			isa = PBXResourcesBuildPhase;
			buildActionMask = 2147483647;
			files = (
				46AE05A51AD9E1730083658E /* LiquidCall_design-03.png in Resources */,
				4620F44A1A9B2B30003ABAB3 /* Main.storyboard in Resources */,
				4620F44F1A9B2B30003ABAB3 /* LaunchScreen.xib in Resources */,
				4620F44C1A9B2B30003ABAB3 /* Images.xcassets in Resources */,
			);
			runOnlyForDeploymentPostprocessing = 0;
		};
		4620F4521A9B2B30003ABAB3 /* Resources */ = {
			isa = PBXResourcesBuildPhase;
			buildActionMask = 2147483647;
			files = (
			);
			runOnlyForDeploymentPostprocessing = 0;
		};
/* End PBXResourcesBuildPhase section */

/* Begin PBXSourcesBuildPhase section */
		4620F43B1A9B2B30003ABAB3 /* Sources */ = {
			isa = PBXSourcesBuildPhase;
			buildActionMask = 2147483647;
			files = (
				463C4E5C1AAC607E00E6A990 /* HaiyakuViewController.swift in Sources */,
				4603C9D01A9EFADA002FCF36 /* Extention.swift in Sources */,
				466849271A9B308800CFC43E /* TimerViewController.swift in Sources */,
				466849291A9B309200CFC43E /* HintViewController.swift in Sources */,
				4620F4471A9B2B30003ABAB3 /* ViewController.swift in Sources */,
				46AE057B1AD903D00083658E /* TextViewController.swift in Sources */,
				4620F4451A9B2B30003ABAB3 /* AppDelegate.swift in Sources */,
				466849251A9B307E00CFC43E /* CharaViewController.swift in Sources */,
				466849231A9B2FC000CFC43E /* SettingViewController.swift in Sources */,
				4668492B1A9B30A300CFC43E /* HanteiViewController.swift in Sources */,
			);
			runOnlyForDeploymentPostprocessing = 0;
		};
		4620F4501A9B2B30003ABAB3 /* Sources */ = {
			isa = PBXSourcesBuildPhase;
			buildActionMask = 2147483647;
			files = (
				4620F45B1A9B2B30003ABAB3 /* himedore_betaTests.swift in Sources */,
			);
			runOnlyForDeploymentPostprocessing = 0;
		};
/* End PBXSourcesBuildPhase section */

/* Begin PBXTargetDependency section */
		4620F4561A9B2B30003ABAB3 /* PBXTargetDependency */ = {
			isa = PBXTargetDependency;
			target = 4620F43E1A9B2B30003ABAB3 /* himedore_beta */;
			targetProxy = 4620F4551A9B2B30003ABAB3 /* PBXContainerItemProxy */;
		};
/* End PBXTargetDependency section */

/* Begin PBXVariantGroup section */
		4620F4481A9B2B30003ABAB3 /* Main.storyboard */ = {
			isa = PBXVariantGroup;
			children = (
				4620F4491A9B2B30003ABAB3 /* Base */,
			);
			name = Main.storyboard;
			sourceTree = "<group>";
		};
		4620F44D1A9B2B30003ABAB3 /* LaunchScreen.xib */ = {
			isa = PBXVariantGroup;
			children = (
				4620F44E1A9B2B30003ABAB3 /* Base */,
			);
			name = LaunchScreen.xib;
			sourceTree = "<group>";
		};
/* End PBXVariantGroup section */

/* Begin XCBuildConfiguration section */
		4620F45C1A9B2B30003ABAB3 /* Debug */ = {
			isa = XCBuildConfiguration;
			buildSettings = {
				ALWAYS_SEARCH_USER_PATHS = NO;
				CLANG_CXX_LANGUAGE_STANDARD = "gnu++0x";
				CLANG_CXX_LIBRARY = "libc++";
				CLANG_ENABLE_MODULES = YES;
				CLANG_ENABLE_OBJC_ARC = YES;
				CLANG_WARN_BOOL_CONVERSION = YES;
				CLANG_WARN_CONSTANT_CONVERSION = YES;
				CLANG_WARN_DIRECT_OBJC_ISA_USAGE = YES_ERROR;
				CLANG_WARN_EMPTY_BODY = YES;
				CLANG_WARN_ENUM_CONVERSION = YES;
				CLANG_WARN_INT_CONVERSION = YES;
				CLANG_WARN_OBJC_ROOT_CLASS = YES_ERROR;
				CLANG_WARN_UNREACHABLE_CODE = YES;
				CLANG_WARN__DUPLICATE_METHOD_MATCH = YES;
				CODE_SIGN_IDENTITY = "iOS Development: Takemi Watanuki (EN85V2FC2D)";
				"CODE_SIGN_IDENTITY[sdk=iphoneos*]" = "iPhone Developer";
				COPY_PHASE_STRIP = NO;
				ENABLE_STRICT_OBJC_MSGSEND = YES;
				GCC_C_LANGUAGE_STANDARD = gnu99;
				GCC_DYNAMIC_NO_PIC = NO;
				GCC_OPTIMIZATION_LEVEL = 0;
				GCC_PREPROCESSOR_DEFINITIONS = (
					"DEBUG=1",
					"$(inherited)",
				);
				GCC_SYMBOLS_PRIVATE_EXTERN = NO;
				GCC_WARN_64_TO_32_BIT_CONVERSION = YES;
				GCC_WARN_ABOUT_RETURN_TYPE = YES_ERROR;
				GCC_WARN_UNDECLARED_SELECTOR = YES;
				GCC_WARN_UNINITIALIZED_AUTOS = YES_AGGRESSIVE;
				GCC_WARN_UNUSED_FUNCTION = YES;
				GCC_WARN_UNUSED_VARIABLE = YES;
				IPHONEOS_DEPLOYMENT_TARGET = 8.2;
				MTL_ENABLE_DEBUG_INFO = YES;
				ONLY_ACTIVE_ARCH = YES;
				SDKROOT = iphoneos8.2;
				SWIFT_OPTIMIZATION_LEVEL = "-Onone";
			};
			name = Debug;
		};
		4620F45D1A9B2B30003ABAB3 /* Release */ = {
			isa = XCBuildConfiguration;
			buildSettings = {
				ALWAYS_SEARCH_USER_PATHS = NO;
				CLANG_CXX_LANGUAGE_STANDARD = "gnu++0x";
				CLANG_CXX_LIBRARY = "libc++";
				CLANG_ENABLE_MODULES = YES;
				CLANG_ENABLE_OBJC_ARC = YES;
				CLANG_WARN_BOOL_CONVERSION = YES;
				CLANG_WARN_CONSTANT_CONVERSION = YES;
				CLANG_WARN_DIRECT_OBJC_ISA_USAGE = YES_ERROR;
				CLANG_WARN_EMPTY_BODY = YES;
				CLANG_WARN_ENUM_CONVERSION = YES;
				CLANG_WARN_INT_CONVERSION = YES;
				CLANG_WARN_OBJC_ROOT_CLASS = YES_ERROR;
				CLANG_WARN_UNREACHABLE_CODE = YES;
				CLANG_WARN__DUPLICATE_METHOD_MATCH = YES;
				CODE_SIGN_IDENTITY = "iOS Development: Takemi Watanuki (EN85V2FC2D)";
				"CODE_SIGN_IDENTITY[sdk=iphoneos*]" = "iPhone Developer";
				COPY_PHASE_STRIP = YES;
				ENABLE_NS_ASSERTIONS = NO;
				ENABLE_STRICT_OBJC_MSGSEND = YES;
				GCC_C_LANGUAGE_STANDARD = gnu99;
				GCC_WARN_64_TO_32_BIT_CONVERSION = YES;
				GCC_WARN_ABOUT_RETURN_TYPE = YES_ERROR;
				GCC_WARN_UNDECLARED_SELECTOR = YES;
				GCC_WARN_UNINITIALIZED_AUTOS = YES_AGGRESSIVE;
				GCC_WARN_UNUSED_FUNCTION = YES;
				GCC_WARN_UNUSED_VARIABLE = YES;
				IPHONEOS_DEPLOYMENT_TARGET = 8.2;
				MTL_ENABLE_DEBUG_INFO = NO;
				SDKROOT = iphoneos8.2;
				VALIDATE_PRODUCT = YES;
			};
			name = Release;
		};
		4620F45F1A9B2B30003ABAB3 /* Debug */ = {
			isa = XCBuildConfiguration;
			buildSettings = {
				ASSETCATALOG_COMPILER_APPICON_NAME = AppIcon;
				ASSETCATALOG_COMPILER_LAUNCHIMAGE_NAME = LaunchImage;
				CODE_SIGN_IDENTITY = "iPhone Developer";
				"CODE_SIGN_IDENTITY[sdk=iphoneos*]" = "";
				INFOPLIST_FILE = himedore_beta/Info.plist;
				IPHONEOS_DEPLOYMENT_TARGET = 8.2;
				LD_RUNPATH_SEARCH_PATHS = "$(inherited) @executable_path/Frameworks";
				PRODUCT_NAME = "$(TARGET_NAME)";
				PROVISIONING_PROFILE = "a29f5cf5-9e9b-444c-8754-9533734ee7ee";
			};
			name = Debug;
		};
		4620F4601A9B2B30003ABAB3 /* Release */ = {
			isa = XCBuildConfiguration;
			buildSettings = {
				ASSETCATALOG_COMPILER_APPICON_NAME = AppIcon;
				ASSETCATALOG_COMPILER_LAUNCHIMAGE_NAME = LaunchImage;
				CODE_SIGN_IDENTITY = "iPhone Developer";
				"CODE_SIGN_IDENTITY[sdk=iphoneos*]" = "";
				INFOPLIST_FILE = himedore_beta/Info.plist;
				IPHONEOS_DEPLOYMENT_TARGET = 8.2;
				LD_RUNPATH_SEARCH_PATHS = "$(inherited) @executable_path/Frameworks";
				PRODUCT_NAME = "$(TARGET_NAME)";
				PROVISIONING_PROFILE = "a29f5cf5-9e9b-444c-8754-9533734ee7ee";
			};
			name = Release;
		};
		4620F4621A9B2B30003ABAB3 /* Debug */ = {
			isa = XCBuildConfiguration;
			buildSettings = {
				BUNDLE_LOADER = "$(TEST_HOST)";
				FRAMEWORK_SEARCH_PATHS = (
					"$(SDKROOT)/Developer/Library/Frameworks",
					"$(inherited)",
				);
				GCC_PREPROCESSOR_DEFINITIONS = (
					"DEBUG=1",
					"$(inherited)",
				);
				INFOPLIST_FILE = himedore_betaTests/Info.plist;
				LD_RUNPATH_SEARCH_PATHS = "$(inherited) @executable_path/Frameworks @loader_path/Frameworks";
				PRODUCT_NAME = "$(TARGET_NAME)";
				TEST_HOST = "$(BUILT_PRODUCTS_DIR)/himedore_beta.app/himedore_beta";
			};
			name = Debug;
		};
		4620F4631A9B2B30003ABAB3 /* Release */ = {
			isa = XCBuildConfiguration;
			buildSettings = {
				BUNDLE_LOADER = "$(TEST_HOST)";
				FRAMEWORK_SEARCH_PATHS = (
					"$(SDKROOT)/Developer/Library/Frameworks",
					"$(inherited)",
				);
				INFOPLIST_FILE = himedore_betaTests/Info.plist;
				LD_RUNPATH_SEARCH_PATHS = "$(inherited) @executable_path/Frameworks @loader_path/Frameworks";
				PRODUCT_NAME = "$(TARGET_NAME)";
				TEST_HOST = "$(BUILT_PRODUCTS_DIR)/himedore_beta.app/himedore_beta";
			};
			name = Release;
		};
/* End XCBuildConfiguration section */

/* Begin XCConfigurationList section */
		4620F43A1A9B2B2F003ABAB3 /* Build configuration list for PBXProject "himedore_beta" */ = {
			isa = XCConfigurationList;
			buildConfigurations = (
				4620F45C1A9B2B30003ABAB3 /* Debug */,
				4620F45D1A9B2B30003ABAB3 /* Release */,
			);
			defaultConfigurationIsVisible = 0;
			defaultConfigurationName = Debug;
		};
		4620F45E1A9B2B30003ABAB3 /* Build configuration list for PBXNativeTarget "himedore_beta" */ = {
			isa = XCConfigurationList;
			buildConfigurations = (
				4620F45F1A9B2B30003ABAB3 /* Debug */,
				4620F4601A9B2B30003ABAB3 /* Release */,
			);
			defaultConfigurationIsVisible = 0;
			defaultConfigurationName = Debug;
		};
		4620F4611A9B2B30003ABAB3 /* Build configuration list for PBXNativeTarget "himedore_betaTests" */ = {
			isa = XCConfigurationList;
			buildConfigurations = (
				4620F4621A9B2B30003ABAB3 /* Debug */,
				4620F4631A9B2B30003ABAB3 /* Release */,
			);
			defaultConfigurationIsVisible = 0;
			defaultConfigurationName = Debug;
		};
/* End XCConfigurationList section */
	};
	rootObject = 4620F4371A9B2B2F003ABAB3 /* Project object */;
}
